// !$*UTF8*$!
{
	archiveVersion = 1;
	classes = {
	};
	objectVersion = 77;
	objects = {

/* Begin PBXBuildFile section */
		759E64575312BCC2DAB6908E /* Pods_WondersTests.framework in Frameworks */ = {isa = PBXBuildFile; fileRef = 6A7F916D74C464887C2A1439 /* Pods_WondersTests.framework */; };
		AFD91E5CA7A003177EB5AC25 /* Pods_Wonders_WondersUITests.framework in Frameworks */ = {isa = PBXBuildFile; fileRef = 594BF8D481FC02744B8B5378 /* Pods_Wonders_WondersUITests.framework */; };
		E84161D5381B2E3D72968A52 /* Pods_Wonders.framework in Frameworks */ = {isa = PBXBuildFile; fileRef = 98C252A727EDCBB7AC2A20B6 /* Pods_Wonders.framework */; };
		F2A3B4C5D6E7F8A9B0C1D2E3 /* Wonders/GoogleService-Info.plist in Resources */ = {isa = PBXBuildFile; fileRef = F1A2B3C4D5E6F7A8B9C0D1E2 /* Wonders/GoogleService-Info.plist */; };
/* End PBXBuildFile section */

/* Begin PBXContainerItemProxy section */
		C2E15BC92E68CBC70071ED0A /* PBXContainerItemProxy */ = {
			isa = PBXContainerItemProxy;
			containerPortal = C2E15BB32E68CBC50071ED0A /* Project object */;
			proxyType = 1;
			remoteGlobalIDString = C2E15BBA2E68CBC50071ED0A;
			remoteInfo = Wonders;
		};
		C2E15BD32E68CBC70071ED0A /* PBXContainerItemProxy */ = {
			isa = PBXContainerItemProxy;
			containerPortal = C2E15BB32E68CBC50071ED0A /* Project object */;
			proxyType = 1;
			remoteGlobalIDString = C2E15BBA2E68CBC50071ED0A;
			remoteInfo = Wonders;
		};
/* End PBXContainerItemProxy section */

/* Begin PBXFileReference section */
		106E57AA2833974595CD014F /* Pods-Wonders.release.xcconfig */ = {isa = PBXFileReference; includeInIndex = 1; lastKnownFileType = text.xcconfig; name = "Pods-Wonders.release.xcconfig"; path = "Target Support Files/Pods-Wonders/Pods-Wonders.release.xcconfig"; sourceTree = "<group>"; };
		2A33A7C4631CD503C548D5C7 /* Pods-Wonders-WondersUITests.debug.xcconfig */ = {isa = PBXFileReference; includeInIndex = 1; lastKnownFileType = text.xcconfig; name = "Pods-Wonders-WondersUITests.debug.xcconfig"; path = "Target Support Files/Pods-Wonders-WondersUITests/Pods-Wonders-WondersUITests.debug.xcconfig"; sourceTree = "<group>"; };
		594BF8D481FC02744B8B5378 /* Pods_Wonders_WondersUITests.framework */ = {isa = PBXFileReference; explicitFileType = wrapper.framework; includeInIndex = 0; path = Pods_Wonders_WondersUITests.framework; sourceTree = BUILT_PRODUCTS_DIR; };
		5C8DA4F9BD0A3DA3A94C7770 /* Pods-WondersTests.debug.xcconfig */ = {isa = PBXFileReference; includeInIndex = 1; lastKnownFileType = text.xcconfig; name = "Pods-WondersTests.debug.xcconfig"; path = "Target Support Files/Pods-WondersTests/Pods-WondersTests.debug.xcconfig"; sourceTree = "<group>"; };
		6A7F916D74C464887C2A1439 /* Pods_WondersTests.framework */ = {isa = PBXFileReference; explicitFileType = wrapper.framework; includeInIndex = 0; path = Pods_WondersTests.framework; sourceTree = BUILT_PRODUCTS_DIR; };
		98C252A727EDCBB7AC2A20B6 /* Pods_Wonders.framework */ = {isa = PBXFileReference; explicitFileType = wrapper.framework; includeInIndex = 0; path = Pods_Wonders.framework; sourceTree = BUILT_PRODUCTS_DIR; };
		AE2ED590BA8F6883E7A3990A /* Pods-Wonders.debug.xcconfig */ = {isa = PBXFileReference; includeInIndex = 1; lastKnownFileType = text.xcconfig; name = "Pods-Wonders.debug.xcconfig"; path = "Target Support Files/Pods-Wonders/Pods-Wonders.debug.xcconfig"; sourceTree = "<group>"; };
		C2E15BBB2E68CBC50071ED0A /* Wonders.app */ = {isa = PBXFileReference; explicitFileType = wrapper.application; includeInIndex = 0; path = Wonders.app; sourceTree = BUILT_PRODUCTS_DIR; };
		C2E15BC82E68CBC70071ED0A /* WondersTests.xctest */ = {isa = PBXFileReference; explicitFileType = wrapper.cfbundle; includeInIndex = 0; path = WondersTests.xctest; sourceTree = BUILT_PRODUCTS_DIR; };
		C2E15BD22E68CBC70071ED0A /* WondersUITests.xctest */ = {isa = PBXFileReference; explicitFileType = wrapper.cfbundle; includeInIndex = 0; path = WondersUITests.xctest; sourceTree = BUILT_PRODUCTS_DIR; };
		D74B4161E092161E940562C6 /* Pods-Wonders-WondersUITests.release.xcconfig */ = {isa = PBXFileReference; includeInIndex = 1; lastKnownFileType = text.xcconfig; name = "Pods-Wonders-WondersUITests.release.xcconfig"; path = "Target Support Files/Pods-Wonders-WondersUITests/Pods-Wonders-WondersUITests.release.xcconfig"; sourceTree = "<group>"; };
		F1A2B3C4D5E6F7A8B9C0D1E2 /* Wonders/GoogleService-Info.plist */ = {isa = PBXFileReference; lastKnownFileType = text.plist.xml; path = "Wonders/GoogleService-Info.plist"; sourceTree = "<group>"; };
		FE8FA1DFBC2C8F1319211F39 /* Pods-WondersTests.release.xcconfig */ = {isa = PBXFileReference; includeInIndex = 1; lastKnownFileType = text.xcconfig; name = "Pods-WondersTests.release.xcconfig"; path = "Target Support Files/Pods-WondersTests/Pods-WondersTests.release.xcconfig"; sourceTree = "<group>"; };
/* End PBXFileReference section */

/* Begin PBXFileSystemSynchronizedBuildFileExceptionSet section */
		C22ABB442E68ECFC00C8FED5 /* Exceptions for "Wonders" folder in "Wonders" target */ = {
			isa = PBXFileSystemSynchronizedBuildFileExceptionSet;
			membershipExceptions = (
				"GoogleService-Info.plist",
			);
			target = C2E15BBA2E68CBC50071ED0A /* Wonders */;
		};
/* End PBXFileSystemSynchronizedBuildFileExceptionSet section */

/* Begin PBXFileSystemSynchronizedRootGroup section */
		C2E15BBD2E68CBC50071ED0A /* Wonders */ = {
			isa = PBXFileSystemSynchronizedRootGroup;
			exceptions = (
				C22ABB442E68ECFC00C8FED5 /* Exceptions for "Wonders" folder in "Wonders" target */,
			);
			path = Wonders;
			sourceTree = "<group>";
		};
		C2E15BCB2E68CBC70071ED0A /* WondersTests */ = {
			isa = PBXFileSystemSynchronizedRootGroup;
			path = WondersTests;
			sourceTree = "<group>";
		};
		C2E15BD52E68CBC70071ED0A /* WondersUITests */ = {
			isa = PBXFileSystemSynchronizedRootGroup;
			path = WondersUITests;
			sourceTree = "<group>";
		};
/* End PBXFileSystemSynchronizedRootGroup section */

/* Begin PBXFrameworksBuildPhase section */
		C2E15BB82E68CBC50071ED0A /* Frameworks */ = {
			isa = PBXFrameworksBuildPhase;
			buildActionMask = 2147483647;
			files = (
				E84161D5381B2E3D72968A52 /* Pods_Wonders.framework in Frameworks */,
			);
			runOnlyForDeploymentPostprocessing = 0;
		};
		C2E15BC52E68CBC70071ED0A /* Frameworks */ = {
			isa = PBXFrameworksBuildPhase;
			buildActionMask = 2147483647;
			files = (
				759E64575312BCC2DAB6908E /* Pods_WondersTests.framework in Frameworks */,
			);
			runOnlyForDeploymentPostprocessing = 0;
		};
		C2E15BCF2E68CBC70071ED0A /* Frameworks */ = {
			isa = PBXFrameworksBuildPhase;
			buildActionMask = 2147483647;
			files = (
				AFD91E5CA7A003177EB5AC25 /* Pods_Wonders_WondersUITests.framework in Frameworks */,
			);
			runOnlyForDeploymentPostprocessing = 0;
		};
/* End PBXFrameworksBuildPhase section */

/* Begin PBXGroup section */
		07E974CA4CFAAA3E6B3318AE /* Frameworks */ = {
			isa = PBXGroup;
			children = (
				98C252A727EDCBB7AC2A20B6 /* Pods_Wonders.framework */,
				594BF8D481FC02744B8B5378 /* Pods_Wonders_WondersUITests.framework */,
				6A7F916D74C464887C2A1439 /* Pods_WondersTests.framework */,
			);
			name = Frameworks;
			sourceTree = "<group>";
		};
		C22ABB292E68EA6600C8FED5 /* Recovered References */ = {
			isa = PBXGroup;
			children = (
				F1A2B3C4D5E6F7A8B9C0D1E2 /* Wonders/GoogleService-Info.plist */,
			);
			name = "Recovered References";
			sourceTree = "<group>";
		};
		C2E15BB22E68CBC50071ED0A = {
			isa = PBXGroup;
			children = (
				C2E15BBD2E68CBC50071ED0A /* Wonders */,
				C2E15BCB2E68CBC70071ED0A /* WondersTests */,
				C2E15BD52E68CBC70071ED0A /* WondersUITests */,
				C2E15BBC2E68CBC50071ED0A /* Products */,
				DEE6D78DCCCBDC6CAD14EA3A /* Pods */,
				C22ABB292E68EA6600C8FED5 /* Recovered References */,
				07E974CA4CFAAA3E6B3318AE /* Frameworks */,
			);
			sourceTree = "<group>";
		};
		C2E15BBC2E68CBC50071ED0A /* Products */ = {
			isa = PBXGroup;
			children = (
				C2E15BBB2E68CBC50071ED0A /* Wonders.app */,
				C2E15BC82E68CBC70071ED0A /* WondersTests.xctest */,
				C2E15BD22E68CBC70071ED0A /* WondersUITests.xctest */,
			);
			name = Products;
			sourceTree = "<group>";
		};
		DEE6D78DCCCBDC6CAD14EA3A /* Pods */ = {
			isa = PBXGroup;
			children = (
				AE2ED590BA8F6883E7A3990A /* Pods-Wonders.debug.xcconfig */,
				106E57AA2833974595CD014F /* Pods-Wonders.release.xcconfig */,
				2A33A7C4631CD503C548D5C7 /* Pods-Wonders-WondersUITests.debug.xcconfig */,
				D74B4161E092161E940562C6 /* Pods-Wonders-WondersUITests.release.xcconfig */,
				5C8DA4F9BD0A3DA3A94C7770 /* Pods-WondersTests.debug.xcconfig */,
				FE8FA1DFBC2C8F1319211F39 /* Pods-WondersTests.release.xcconfig */,
			);
			path = Pods;
			sourceTree = "<group>";
		};
/* End PBXGroup section */

/* Begin PBXNativeTarget section */
		C2E15BBA2E68CBC50071ED0A /* Wonders */ = {
			isa = PBXNativeTarget;
			buildConfigurationList = C2E15BDC2E68CBC70071ED0A /* Build configuration list for PBXNativeTarget "Wonders" */;
			buildPhases = (
				612B036FCA3D6819879C0490 /* [CP] Check Pods Manifest.lock */,
				C2E15BB72E68CBC50071ED0A /* Sources */,
				C2E15BB82E68CBC50071ED0A /* Frameworks */,
				C2E15BB92E68CBC50071ED0A /* Resources */,
				90AF9AB7F9EAB4B126259639 /* [CP] Embed Pods Frameworks */,
			);
			buildRules = (
			);
			dependencies = (
			);
			fileSystemSynchronizedGroups = (
				C2E15BBD2E68CBC50071ED0A /* Wonders */,
			);
			name = Wonders;
			productName = Wonders;
			productReference = C2E15BBB2E68CBC50071ED0A /* Wonders.app */;
			productType = "com.apple.product-type.application";
		};
		C2E15BC72E68CBC70071ED0A /* WondersTests */ = {
			isa = PBXNativeTarget;
			buildConfigurationList = C2E15BDF2E68CBC70071ED0A /* Build configuration list for PBXNativeTarget "WondersTests" */;
			buildPhases = (
				70FA4CCD08141D65624CE20F /* [CP] Check Pods Manifest.lock */,
				C2E15BC42E68CBC70071ED0A /* Sources */,
				C2E15BC52E68CBC70071ED0A /* Frameworks */,
				C2E15BC62E68CBC70071ED0A /* Resources */,
			);
			buildRules = (
			);
			dependencies = (
				C2E15BCA2E68CBC70071ED0A /* PBXTargetDependency */,
			);
			fileSystemSynchronizedGroups = (
				C2E15BCB2E68CBC70071ED0A /* WondersTests */,
			);
			name = WondersTests;
			productName = WondersTests;
			productReference = C2E15BC82E68CBC70071ED0A /* WondersTests.xctest */;
			productType = "com.apple.product-type.bundle.unit-test";
		};
		C2E15BD12E68CBC70071ED0A /* WondersUITests */ = {
			isa = PBXNativeTarget;
			buildConfigurationList = C2E15BE22E68CBC70071ED0A /* Build configuration list for PBXNativeTarget "WondersUITests" */;
			buildPhases = (
				73591F2C75FC71B9252CB8B6 /* [CP] Check Pods Manifest.lock */,
				C2E15BCE2E68CBC70071ED0A /* Sources */,
				C2E15BCF2E68CBC70071ED0A /* Frameworks */,
				C2E15BD02E68CBC70071ED0A /* Resources */,
				B918C0C4F865FD0E873416BC /* [CP] Embed Pods Frameworks */,
			);
			buildRules = (
			);
			dependencies = (
				C2E15BD42E68CBC70071ED0A /* PBXTargetDependency */,
			);
			fileSystemSynchronizedGroups = (
				C2E15BD52E68CBC70071ED0A /* WondersUITests */,
			);
			name = WondersUITests;
			productName = WondersUITests;
			productReference = C2E15BD22E68CBC70071ED0A /* WondersUITests.xctest */;
			productType = "com.apple.product-type.bundle.ui-testing";
		};
/* End PBXNativeTarget section */

/* Begin PBXProject section */
		C2E15BB32E68CBC50071ED0A /* Project object */ = {
			isa = PBXProject;
			attributes = {
				BuildIndependentTargetsInParallel = 1;
				LastSwiftUpdateCheck = 1640;
				LastUpgradeCheck = 1640;
				TargetAttributes = {
					C2E15BBA2E68CBC50071ED0A = {
						CreatedOnToolsVersion = 16.4;
					};
					C2E15BC72E68CBC70071ED0A = {
						CreatedOnToolsVersion = 16.4;
						TestTargetID = C2E15BBA2E68CBC50071ED0A;
					};
					C2E15BD12E68CBC70071ED0A = {
						CreatedOnToolsVersion = 16.4;
						TestTargetID = C2E15BBA2E68CBC50071ED0A;
					};
				};
			};
			buildConfigurationList = C2E15BB62E68CBC50071ED0A /* Build configuration list for PBXProject "Wonders" */;
			developmentRegion = en;
			hasScannedForEncodings = 0;
			knownRegions = (
				en,
				Base,
			);
			mainGroup = C2E15BB22E68CBC50071ED0A;
			minimizedProjectReferenceProxies = 1;
			preferredProjectObjectVersion = 77;
			productRefGroup = C2E15BBC2E68CBC50071ED0A /* Products */;
			projectDirPath = "";
			projectRoot = "";
			targets = (
				C2E15BBA2E68CBC50071ED0A /* Wonders */,
				C2E15BC72E68CBC70071ED0A /* WondersTests */,
				C2E15BD12E68CBC70071ED0A /* WondersUITests */,
			);
		};
/* End PBXProject section */

/* Begin PBXResourcesBuildPhase section */
		C2E15BB92E68CBC50071ED0A /* Resources */ = {
			isa = PBXResourcesBuildPhase;
			buildActionMask = 2147483647;
			files = (
				F2A3B4C5D6E7F8A9B0C1D2E3 /* Wonders/GoogleService-Info.plist in Resources */,
			);
			runOnlyForDeploymentPostprocessing = 0;
		};
		C2E15BC62E68CBC70071ED0A /* Resources */ = {
			isa = PBXResourcesBuildPhase;
			buildActionMask = 2147483647;
			files = (
			);
			runOnlyForDeploymentPostprocessing = 0;
		};
		C2E15BD02E68CBC70071ED0A /* Resources */ = {
			isa = PBXResourcesBuildPhase;
			buildActionMask = 2147483647;
			files = (
			);
			runOnlyForDeploymentPostprocessing = 0;
		};
/* End PBXResourcesBuildPhase section */

/* Begin PBXShellScriptBuildPhase section */
		612B036FCA3D6819879C0490 /* [CP] Check Pods Manifest.lock */ = {
			isa = PBXShellScriptBuildPhase;
			buildActionMask = 2147483647;
			files = (
			);
			inputFileListPaths = (
			);
			inputPaths = (
				"${PODS_PODFILE_DIR_PATH}/Podfile.lock",
				"${PODS_ROOT}/Manifest.lock",
			);
			name = "[CP] Check Pods Manifest.lock";
			outputFileListPaths = (
			);
			outputPaths = (
				"$(DERIVED_FILE_DIR)/Pods-Wonders-checkManifestLockResult.txt",
			);
			runOnlyForDeploymentPostprocessing = 0;
			shellPath = /bin/sh;
			shellScript = "diff \"${PODS_PODFILE_DIR_PATH}/Podfile.lock\" \"${PODS_ROOT}/Manifest.lock\" > /dev/null\nif [ $? != 0 ] ; then\n    # print error to STDERR\n    echo \"error: The sandbox is not in sync with the Podfile.lock. Run 'pod install' or update your CocoaPods installation.\" >&2\n    exit 1\nfi\n# This output is used by Xcode 'outputs' to avoid re-running this script phase.\necho \"SUCCESS\" > \"${SCRIPT_OUTPUT_FILE_0}\"\n";
			showEnvVarsInLog = 0;
		};
		70FA4CCD08141D65624CE20F /* [CP] Check Pods Manifest.lock */ = {
			isa = PBXShellScriptBuildPhase;
			buildActionMask = 2147483647;
			files = (
			);
			inputFileListPaths = (
			);
			inputPaths = (
				"${PODS_PODFILE_DIR_PATH}/Podfile.lock",
				"${PODS_ROOT}/Manifest.lock",
			);
			name = "[CP] Check Pods Manifest.lock";
			outputFileListPaths = (
			);
			outputPaths = (
				"$(DERIVED_FILE_DIR)/Pods-WondersTests-checkManifestLockResult.txt",
			);
			runOnlyForDeploymentPostprocessing = 0;
			shellPath = /bin/sh;
			shellScript = "diff \"${PODS_PODFILE_DIR_PATH}/Podfile.lock\" \"${PODS_ROOT}/Manifest.lock\" > /dev/null\nif [ $? != 0 ] ; then\n    # print error to STDERR\n    echo \"error: The sandbox is not in sync with the Podfile.lock. Run 'pod install' or update your CocoaPods installation.\" >&2\n    exit 1\nfi\n# This output is used by Xcode 'outputs' to avoid re-running this script phase.\necho \"SUCCESS\" > \"${SCRIPT_OUTPUT_FILE_0}\"\n";
			showEnvVarsInLog = 0;
		};
		73591F2C75FC71B9252CB8B6 /* [CP] Check Pods Manifest.lock */ = {
			isa = PBXShellScriptBuildPhase;
			buildActionMask = 2147483647;
			files = (
			);
			inputFileListPaths = (
			);
			inputPaths = (
				"${PODS_PODFILE_DIR_PATH}/Podfile.lock",
				"${PODS_ROOT}/Manifest.lock",
			);
			name = "[CP] Check Pods Manifest.lock";
			outputFileListPaths = (
			);
			outputPaths = (
				"$(DERIVED_FILE_DIR)/Pods-Wonders-WondersUITests-checkManifestLockResult.txt",
			);
			runOnlyForDeploymentPostprocessing = 0;
			shellPath = /bin/sh;
			shellScript = "diff \"${PODS_PODFILE_DIR_PATH}/Podfile.lock\" \"${PODS_ROOT}/Manifest.lock\" > /dev/null\nif [ $? != 0 ] ; then\n    # print error to STDERR\n    echo \"error: The sandbox is not in sync with the Podfile.lock. Run 'pod install' or update your CocoaPods installation.\" >&2\n    exit 1\nfi\n# This output is used by Xcode 'outputs' to avoid re-running this script phase.\necho \"SUCCESS\" > \"${SCRIPT_OUTPUT_FILE_0}\"\n";
			showEnvVarsInLog = 0;
		};
		90AF9AB7F9EAB4B126259639 /* [CP] Embed Pods Frameworks */ = {
			isa = PBXShellScriptBuildPhase;
			buildActionMask = 2147483647;
			files = (
			);
			inputFileListPaths = (
				"${PODS_ROOT}/Target Support Files/Pods-Wonders/Pods-Wonders-frameworks-${CONFIGURATION}-input-files.xcfilelist",
			);
			inputPaths = (
			);
			name = "[CP] Embed Pods Frameworks";
			outputFileListPaths = (
				"${PODS_ROOT}/Target Support Files/Pods-Wonders/Pods-Wonders-frameworks-${CONFIGURATION}-output-files.xcfilelist",
			);
			outputPaths = (
			);
			runOnlyForDeploymentPostprocessing = 0;
			shellPath = /bin/sh;
			shellScript = "\"${PODS_ROOT}/Target Support Files/Pods-Wonders/Pods-Wonders-frameworks.sh\"\n";
			showEnvVarsInLog = 0;
		};
		B918C0C4F865FD0E873416BC /* [CP] Embed Pods Frameworks */ = {
			isa = PBXShellScriptBuildPhase;
			buildActionMask = 2147483647;
			files = (
			);
			inputFileListPaths = (
				"${PODS_ROOT}/Target Support Files/Pods-Wonders-WondersUITests/Pods-Wonders-WondersUITests-frameworks-${CONFIGURATION}-input-files.xcfilelist",
			);
			inputPaths = (
			);
			name = "[CP] Embed Pods Frameworks";
			outputFileListPaths = (
				"${PODS_ROOT}/Target Support Files/Pods-Wonders-WondersUITests/Pods-Wonders-WondersUITests-frameworks-${CONFIGURATION}-output-files.xcfilelist",
			);
			outputPaths = (
			);
			runOnlyForDeploymentPostprocessing = 0;
			shellPath = /bin/sh;
			shellScript = "\"${PODS_ROOT}/Target Support Files/Pods-Wonders-WondersUITests/Pods-Wonders-WondersUITests-frameworks.sh\"\n";
			showEnvVarsInLog = 0;
		};
/* End PBXShellScriptBuildPhase section */

/* Begin PBXSourcesBuildPhase section */
		C2E15BB72E68CBC50071ED0A /* Sources */ = {
			isa = PBXSourcesBuildPhase;
			buildActionMask = 2147483647;
			files = (
			);
			runOnlyForDeploymentPostprocessing = 0;
		};
		C2E15BC42E68CBC70071ED0A /* Sources */ = {
			isa = PBXSourcesBuildPhase;
			buildActionMask = 2147483647;
			files = (
			);
			runOnlyForDeploymentPostprocessing = 0;
		};
		C2E15BCE2E68CBC70071ED0A /* Sources */ = {
			isa = PBXSourcesBuildPhase;
			buildActionMask = 2147483647;
			files = (
			);
			runOnlyForDeploymentPostprocessing = 0;
		};
/* End PBXSourcesBuildPhase section */

/* Begin PBXTargetDependency section */
		C2E15BCA2E68CBC70071ED0A /* PBXTargetDependency */ = {
			isa = PBXTargetDependency;
			target = C2E15BBA2E68CBC50071ED0A /* Wonders */;
			targetProxy = C2E15BC92E68CBC70071ED0A /* PBXContainerItemProxy */;
		};
		C2E15BD42E68CBC70071ED0A /* PBXTargetDependency */ = {
			isa = PBXTargetDependency;
			target = C2E15BBA2E68CBC50071ED0A /* Wonders */;
			targetProxy = C2E15BD32E68CBC70071ED0A /* PBXContainerItemProxy */;
		};
/* End PBXTargetDependency section */

/* Begin XCBuildConfiguration section */
		C2E15BDA2E68CBC70071ED0A /* Debug */ = {
			isa = XCBuildConfiguration;
			buildSettings = {
				ALWAYS_SEARCH_USER_PATHS = NO;
				ASSETCATALOG_COMPILER_GENERATE_SWIFT_ASSET_SYMBOL_EXTENSIONS = YES;
				CLANG_ANALYZER_NONNULL = YES;
				CLANG_ANALYZER_NUMBER_OBJECT_CONVERSION = YES_AGGRESSIVE;
				CLANG_CXX_LANGUAGE_STANDARD = "gnu++20";
				CLANG_ENABLE_MODULES = YES;
				CLANG_ENABLE_OBJC_ARC = YES;
				CLANG_ENABLE_OBJC_WEAK = YES;
				CLANG_WARN_BLOCK_CAPTURE_AUTORELEASING = YES;
				CLANG_WARN_BOOL_CONVERSION = YES;
				CLANG_WARN_COMMA = YES;
				CLANG_WARN_CONSTANT_CONVERSION = YES;
				CLANG_WARN_DEPRECATED_OBJC_IMPLEMENTATIONS = YES;
				CLANG_WARN_DIRECT_OBJC_ISA_USAGE = YES_ERROR;
				CLANG_WARN_DOCUMENTATION_COMMENTS = YES;
				CLANG_WARN_EMPTY_BODY = YES;
				CLANG_WARN_ENUM_CONVERSION = YES;
				CLANG_WARN_INFINITE_RECURSION = YES;
				CLANG_WARN_INT_CONVERSION = YES;
				CLANG_WARN_NON_LITERAL_NULL_CONVERSION = YES;
				CLANG_WARN_OBJC_IMPLICIT_RETAIN_SELF = YES;
				CLANG_WARN_OBJC_LITERAL_CONVERSION = YES;
				CLANG_WARN_OBJC_ROOT_CLASS = YES_ERROR;
				CLANG_WARN_QUOTED_INCLUDE_IN_FRAMEWORK_HEADER = YES;
				CLANG_WARN_RANGE_LOOP_ANALYSIS = YES;
				CLANG_WARN_STRICT_PROTOTYPES = YES;
				CLANG_WARN_SUSPICIOUS_MOVE = YES;
				CLANG_WARN_UNGUARDED_AVAILABILITY = YES_AGGRESSIVE;
				CLANG_WARN_UNREACHABLE_CODE = YES;
				CLANG_WARN__DUPLICATE_METHOD_MATCH = YES;
				COPY_PHASE_STRIP = NO;
				DEBUG_INFORMATION_FORMAT = dwarf;
				DEVELOPMENT_TEAM = 6HB6VN2ZSR;
				ENABLE_STRICT_OBJC_MSGSEND = YES;
				ENABLE_TESTABILITY = YES;
				ENABLE_USER_SCRIPT_SANDBOXING = NO;
				FRAMEWORK_SEARCH_PATHS = (
					"$(inherited)",
					"$(PROJECT_DIR)/Pods/",
				);
				GCC_C_LANGUAGE_STANDARD = gnu17;
				GCC_DYNAMIC_NO_PIC = NO;
				GCC_NO_COMMON_BLOCKS = YES;
				GCC_OPTIMIZATION_LEVEL = 0;
				GCC_PREPROCESSOR_DEFINITIONS = (
					"DEBUG=1",
					"$(inherited)",
				);
				GCC_WARN_64_TO_32_BIT_CONVERSION = YES;
				GCC_WARN_ABOUT_RETURN_TYPE = YES_ERROR;
				GCC_WARN_UNDECLARED_SELECTOR = YES;
				GCC_WARN_UNINITIALIZED_AUTOS = YES_AGGRESSIVE;
				GCC_WARN_UNUSED_FUNCTION = YES;
				GCC_WARN_UNUSED_VARIABLE = YES;
				HEADER_SEARCH_PATHS = (
					"$(inherited)",
					"$(PROJECT_DIR)/Pods/RecaptchaInterop/RecaptchaEnterprise/RecaptchaInterop/Public/RecaptchaInterop",
				);
				IPHONEOS_DEPLOYMENT_TARGET = 18.5;
				LOCALIZATION_PREFERS_STRING_CATALOGS = YES;
				MTL_ENABLE_DEBUG_INFO = INCLUDE_SOURCE;
				MTL_FAST_MATH = YES;
				ONLY_ACTIVE_ARCH = YES;
				SDKROOT = iphoneos;
				SWIFT_ACTIVE_COMPILATION_CONDITIONS = "DEBUG $(inherited)";
				SWIFT_OPTIMIZATION_LEVEL = "-Onone";
			};
			name = Debug;
		};
		C2E15BDB2E68CBC70071ED0A /* Release */ = {
			isa = XCBuildConfiguration;
			buildSettings = {
				ALWAYS_SEARCH_USER_PATHS = NO;
				ASSETCATALOG_COMPILER_GENERATE_SWIFT_ASSET_SYMBOL_EXTENSIONS = YES;
				CLANG_ANALYZER_NONNULL = YES;
				CLANG_ANALYZER_NUMBER_OBJECT_CONVERSION = YES_AGGRESSIVE;
				CLANG_CXX_LANGUAGE_STANDARD = "gnu++20";
				CLANG_ENABLE_MODULES = YES;
				CLANG_ENABLE_OBJC_ARC = YES;
				CLANG_ENABLE_OBJC_WEAK = YES;
				CLANG_WARN_BLOCK_CAPTURE_AUTORELEASING = YES;
				CLANG_WARN_BOOL_CONVERSION = YES;
				CLANG_WARN_COMMA = YES;
				CLANG_WARN_CONSTANT_CONVERSION = YES;
				CLANG_WARN_DEPRECATED_OBJC_IMPLEMENTATIONS = YES;
				CLANG_WARN_DIRECT_OBJC_ISA_USAGE = YES_ERROR;
				CLANG_WARN_DOCUMENTATION_COMMENTS = YES;
				CLANG_WARN_EMPTY_BODY = YES;
				CLANG_WARN_ENUM_CONVERSION = YES;
				CLANG_WARN_INFINITE_RECURSION = YES;
				CLANG_WARN_INT_CONVERSION = YES;
				CLANG_WARN_NON_LITERAL_NULL_CONVERSION = YES;
				CLANG_WARN_OBJC_IMPLICIT_RETAIN_SELF = YES;
				CLANG_WARN_OBJC_LITERAL_CONVERSION = YES;
				CLANG_WARN_OBJC_ROOT_CLASS = YES_ERROR;
				CLANG_WARN_QUOTED_INCLUDE_IN_FRAMEWORK_HEADER = YES;
				CLANG_WARN_RANGE_LOOP_ANALYSIS = YES;
				CLANG_WARN_STRICT_PROTOTYPES = YES;
				CLANG_WARN_SUSPICIOUS_MOVE = YES;
				CLANG_WARN_UNGUARDED_AVAILABILITY = YES_AGGRESSIVE;
				CLANG_WARN_UNREACHABLE_CODE = YES;
				CLANG_WARN__DUPLICATE_METHOD_MATCH = YES;
				COPY_PHASE_STRIP = NO;
				DEBUG_INFORMATION_FORMAT = "dwarf-with-dsym";
				DEVELOPMENT_TEAM = 6HB6VN2ZSR;
				ENABLE_NS_ASSERTIONS = NO;
				ENABLE_STRICT_OBJC_MSGSEND = YES;
				ENABLE_USER_SCRIPT_SANDBOXING = NO;
				FRAMEWORK_SEARCH_PATHS = (
					"$(inherited)",
					"$(PROJECT_DIR)/Pods/",
				);
				GCC_C_LANGUAGE_STANDARD = gnu17;
				GCC_NO_COMMON_BLOCKS = YES;
				GCC_WARN_64_TO_32_BIT_CONVERSION = YES;
				GCC_WARN_ABOUT_RETURN_TYPE = YES_ERROR;
				GCC_WARN_UNDECLARED_SELECTOR = YES;
				GCC_WARN_UNINITIALIZED_AUTOS = YES_AGGRESSIVE;
				GCC_WARN_UNUSED_FUNCTION = YES;
				GCC_WARN_UNUSED_VARIABLE = YES;
				HEADER_SEARCH_PATHS = (
					"$(inherited)",
					"$(PROJECT_DIR)/Pods/RecaptchaInterop/RecaptchaEnterprise/RecaptchaInterop/Public/RecaptchaInterop",
				);
				IPHONEOS_DEPLOYMENT_TARGET = 18.5;
				LOCALIZATION_PREFERS_STRING_CATALOGS = YES;
				MTL_ENABLE_DEBUG_INFO = NO;
				MTL_FAST_MATH = YES;
				SDKROOT = iphoneos;
				SWIFT_COMPILATION_MODE = wholemodule;
				VALIDATE_PRODUCT = YES;
			};
			name = Release;
		};
		C2E15BDD2E68CBC70071ED0A /* Debug */ = {
			isa = XCBuildConfiguration;
			baseConfigurationReference = AE2ED590BA8F6883E7A3990A /* Pods-Wonders.debug.xcconfig */;
			buildSettings = {
				ASSETCATALOG_COMPILER_APPICON_NAME = AppIcon;
				ASSETCATALOG_COMPILER_GLOBAL_ACCENT_COLOR_NAME = AccentColor;
				CODE_SIGN_STYLE = Automatic;
				CURRENT_PROJECT_VERSION = 1;
				DEVELOPMENT_TEAM = 6HB6VN2ZSR;
				ENABLE_PREVIEWS = YES;
				GENERATE_INFOPLIST_FILE = YES;
				HEADER_SEARCH_PATHS = (
					"$(inherited)",
					"$(PROJECT_DIR)/Pods/RecaptchaInterop/RecaptchaEnterprise/RecaptchaInterop/Public/RecaptchaInterop",
				);
				INFOPLIST_KEY_UIApplicationSceneManifest_Generation = YES;
				INFOPLIST_KEY_UIApplicationSupportsIndirectInputEvents = YES;
				INFOPLIST_KEY_UILaunchScreen_Generation = YES;
				INFOPLIST_KEY_UISupportedInterfaceOrientations_iPad = "UIInterfaceOrientationPortrait UIInterfaceOrientationPortraitUpsideDown UIInterfaceOrientationLandscapeLeft UIInterfaceOrientationLandscapeRight";
				INFOPLIST_KEY_UISupportedInterfaceOrientations_iPhone = "UIInterfaceOrientationPortrait UIInterfaceOrientationLandscapeLeft UIInterfaceOrientationLandscapeRight";
				LD_RUNPATH_SEARCH_PATHS = (
					"$(inherited)",
					"@executable_path/Frameworks",
				);
				MARKETING_VERSION = 1.0;
				PRODUCT_BUNDLE_IDENTIFIER = com.carlosraposo.Wonders;
				PRODUCT_NAME = "$(TARGET_NAME)";
				SWIFT_EMIT_LOC_STRINGS = YES;
				SWIFT_VERSION = 5.0;
				TARGETED_DEVICE_FAMILY = "1,2";
			};
			name = Debug;
		};
		C2E15BDE2E68CBC70071ED0A /* Release */ = {
			isa = XCBuildConfiguration;
			baseConfigurationReference = 106E57AA2833974595CD014F /* Pods-Wonders.release.xcconfig */;
			buildSettings = {
				ASSETCATALOG_COMPILER_APPICON_NAME = AppIcon;
				ASSETCATALOG_COMPILER_GLOBAL_ACCENT_COLOR_NAME = AccentColor;
				CODE_SIGN_STYLE = Automatic;
				CURRENT_PROJECT_VERSION = 1;
				DEVELOPMENT_TEAM = 6HB6VN2ZSR;
				ENABLE_PREVIEWS = YES;
				GENERATE_INFOPLIST_FILE = YES;
				HEADER_SEARCH_PATHS = (
					"$(inherited)",
					"$(PROJECT_DIR)/Pods/RecaptchaInterop/RecaptchaEnterprise/RecaptchaInterop/Public/RecaptchaInterop",
				);
				INFOPLIST_KEY_UIApplicationSceneManifest_Generation = YES;
				INFOPLIST_KEY_UIApplicationSupportsIndirectInputEvents = YES;
				INFOPLIST_KEY_UILaunchScreen_Generation = YES;
				INFOPLIST_KEY_UISupportedInterfaceOrientations_iPad = "UIInterfaceOrientationPortrait UIInterfaceOrientationPortraitUpsideDown UIInterfaceOrientationLandscapeLeft UIInterfaceOrientationLandscapeRight";
				INFOPLIST_KEY_UISupportedInterfaceOrientations_iPhone = "UIInterfaceOrientationPortrait UIInterfaceOrientationLandscapeLeft UIInterfaceOrientationLandscapeRight";
				LD_RUNPATH_SEARCH_PATHS = (
					"$(inherited)",
					"@executable_path/Frameworks",
				);
				MARKETING_VERSION = 1.0;
				PRODUCT_BUNDLE_IDENTIFIER = com.carlosraposo.Wonders;
				PRODUCT_NAME = "$(TARGET_NAME)";
				SWIFT_EMIT_LOC_STRINGS = YES;
				SWIFT_VERSION = 5.0;
				TARGETED_DEVICE_FAMILY = "1,2";
			};
			name = Release;
		};
		C2E15BE02E68CBC70071ED0A /* Debug */ = {
			isa = XCBuildConfiguration;
			baseConfigurationReference = 5C8DA4F9BD0A3DA3A94C7770 /* Pods-WondersTests.debug.xcconfig */;
			buildSettings = {
				BUNDLE_LOADER = "$(TEST_HOST)";
				CODE_SIGN_STYLE = Automatic;
				CURRENT_PROJECT_VERSION = 1;
				DEVELOPMENT_TEAM = 6HB6VN2ZSR;
				GENERATE_INFOPLIST_FILE = YES;
				IPHONEOS_DEPLOYMENT_TARGET = 18.5;
				MARKETING_VERSION = 1.0;
				PRODUCT_BUNDLE_IDENTIFIER = com.carlosraposo.WondersTests;
				PRODUCT_NAME = "$(TARGET_NAME)";
				SWIFT_EMIT_LOC_STRINGS = NO;
				SWIFT_VERSION = 5.0;
				TARGETED_DEVICE_FAMILY = "1,2";
				TEST_HOST = "$(BUILT_PRODUCTS_DIR)/Wonders.app/$(BUNDLE_EXECUTABLE_FOLDER_PATH)/Wonders";
			};
			name = Debug;
		};
		C2E15BE12E68CBC70071ED0A /* Release */ = {
			isa = XCBuildConfiguration;
			baseConfigurationReference = FE8FA1DFBC2C8F1319211F39 /* Pods-WondersTests.release.xcconfig */;
			buildSettings = {
				BUNDLE_LOADER = "$(TEST_HOST)";
				CODE_SIGN_STYLE = Automatic;
				CURRENT_PROJECT_VERSION = 1;
				DEVELOPMENT_TEAM = 6HB6VN2ZSR;
				GENERATE_INFOPLIST_FILE = YES;
				IPHONEOS_DEPLOYMENT_TARGET = 18.5;
				MARKETING_VERSION = 1.0;
				PRODUCT_BUNDLE_IDENTIFIER = com.carlosraposo.WondersTests;
				PRODUCT_NAME = "$(TARGET_NAME)";
				SWIFT_EMIT_LOC_STRINGS = NO;
				SWIFT_VERSION = 5.0;
				TARGETED_DEVICE_FAMILY = "1,2";
				TEST_HOST = "$(BUILT_PRODUCTS_DIR)/Wonders.app/$(BUNDLE_EXECUTABLE_FOLDER_PATH)/Wonders";
			};
			name = Release;
		};
		C2E15BE32E68CBC70071ED0A /* Debug */ = {
			isa = XCBuildConfiguration;
			baseConfigurationReference = 2A33A7C4631CD503C548D5C7 /* Pods-Wonders-WondersUITests.debug.xcconfig */;
			buildSettings = {
				CODE_SIGN_STYLE = Automatic;
				CURRENT_PROJECT_VERSION = 1;
				DEVELOPMENT_TEAM = 6HB6VN2ZSR;
				GENERATE_INFOPLIST_FILE = YES;
				MARKETING_VERSION = 1.0;
				PRODUCT_BUNDLE_IDENTIFIER = com.carlosraposo.WondersUITests;
				PRODUCT_NAME = "$(TARGET_NAME)";
				SWIFT_EMIT_LOC_STRINGS = NO;
				SWIFT_VERSION = 5.0;
				TARGETED_DEVICE_FAMILY = "1,2";
				TEST_TARGET_NAME = Wonders;
			};
			name = Debug;
		};
		C2E15BE42E68CBC70071ED0A /* Release */ = {
			isa = XCBuildConfiguration;
			baseConfigurationReference = D74B4161E092161E940562C6 /* Pods-Wonders-WondersUITests.release.xcconfig */;
			buildSettings = {
				CODE_SIGN_STYLE = Automatic;
				CURRENT_PROJECT_VERSION = 1;
				DEVELOPMENT_TEAM = 6HB6VN2ZSR;
				GENERATE_INFOPLIST_FILE = YES;
				MARKETING_VERSION = 1.0;
				PRODUCT_BUNDLE_IDENTIFIER = com.carlosraposo.WondersUITests;
				PRODUCT_NAME = "$(TARGET_NAME)";
				SWIFT_EMIT_LOC_STRINGS = NO;
				SWIFT_VERSION = 5.0;
				TARGETED_DEVICE_FAMILY = "1,2";
				TEST_TARGET_NAME = Wonders;
			};
			name = Release;
		};
/* End XCBuildConfiguration section */

/* Begin XCConfigurationList section */
		C2E15BB62E68CBC50071ED0A /* Build configuration list for PBXProject "Wonders" */ = {
			isa = XCConfigurationList;
			buildConfigurations = (
				C2E15BDA2E68CBC70071ED0A /* Debug */,
				C2E15BDB2E68CBC70071ED0A /* Release */,
			);
			defaultConfigurationIsVisible = 0;
			defaultConfigurationName = Release;
		};
		C2E15BDC2E68CBC70071ED0A /* Build configuration list for PBXNativeTarget "Wonders" */ = {
			isa = XCConfigurationList;
			buildConfigurations = (
				C2E15BDD2E68CBC70071ED0A /* Debug */,
				C2E15BDE2E68CBC70071ED0A /* Release */,
			);
			defaultConfigurationIsVisible = 0;
			defaultConfigurationName = Release;
		};
		C2E15BDF2E68CBC70071ED0A /* Build configuration list for PBXNativeTarget "WondersTests" */ = {
			isa = XCConfigurationList;
			buildConfigurations = (
				C2E15BE02E68CBC70071ED0A /* Debug */,
				C2E15BE12E68CBC70071ED0A /* Release */,
			);
			defaultConfigurationIsVisible = 0;
			defaultConfigurationName = Release;
		};
		C2E15BE22E68CBC70071ED0A /* Build configuration list for PBXNativeTarget "WondersUITests" */ = {
			isa = XCConfigurationList;
			buildConfigurations = (
				C2E15BE32E68CBC70071ED0A /* Debug */,
				C2E15BE42E68CBC70071ED0A /* Release */,
			);
			defaultConfigurationIsVisible = 0;
			defaultConfigurationName = Release;
		};
/* End XCConfigurationList section */
	};
	rootObject = C2E15BB32E68CBC50071ED0A /* Project object */;
}
